# This file is generated by running "yarn install" inside your project.
# Manual changes might be lost - proceed with caution!

__metadata:
  version: 8
  cacheKey: 10c0

"@types/node@npm:^20.12.10":
  version: 20.12.10
  resolution: "@types/node@npm:20.12.10"
  dependencies:
    undici-types: "npm:~5.26.4"
  checksum: 10c0/2cc3b6ea09894ed1a3cf39f6491ec539281580f4ff83216e7d26ce85c83237fe0543c0ca49e25b2515ccdb6c8814b488d17a64a05f536dcaea94f9d32a60c7d7
  languageName: node
  linkType: hard

"asynckit@npm:^0.4.0":
  version: 0.4.0
  resolution: "asynckit@npm:0.4.0"
  checksum: 10c0/d73e2ddf20c4eb9337e1b3df1a0f6159481050a5de457c55b14ea2e5cb6d90bb69e004c9af54737a5ee0917fcf2c9e25de67777bbe58261847846066ba75bc9d
  languageName: node
  linkType: hard

"axios@npm:^1.6.8":
  version: 1.6.8
  resolution: "axios@npm:1.6.8"
  dependencies:
    follow-redirects: "npm:^1.15.6"
    form-data: "npm:^4.0.0"
    proxy-from-env: "npm:^1.1.0"
  checksum: 10c0/0f22da6f490335479a89878bc7d5a1419484fbb437b564a80c34888fc36759ae4f56ea28d55a191695e5ed327f0bad56e7ff60fb6770c14d1be6501505d47ab9
  languageName: node
  linkType: hard

"blakejs@npm:1.2.1":
  version: 1.2.1
  resolution: "blakejs@npm:1.2.1"
  checksum: 10c0/c284557ce55b9c70203f59d381f1b85372ef08ee616a90162174d1291a45d3e5e809fdf9edab6e998740012538515152471dc4f1f9dbfa974ba2b9c1f7b9aad7
  languageName: node
  linkType: hard

"cachedir@npm:^2.4.0":
  version: 2.4.0
  resolution: "cachedir@npm:2.4.0"
  checksum: 10c0/76bff9009f2c446cd3777a4aede99af634a89670a67012b8041f65e951d3d36cefe8940341ea80c72219ee9913fa1f6146824cd9dfe9874a4bded728af7e6d76
  languageName: node
  linkType: hard

"combined-stream@npm:^1.0.8":
  version: 1.0.8
  resolution: "combined-stream@npm:1.0.8"
  dependencies:
    delayed-stream: "npm:~1.0.0"
  checksum: 10c0/0dbb829577e1b1e839fa82b40c07ffaf7de8a09b935cadd355a73652ae70a88b4320db322f6634a4ad93424292fa80973ac6480986247f1734a1137debf271d5
  languageName: node
  linkType: hard

"delayed-stream@npm:~1.0.0":
  version: 1.0.0
  resolution: "delayed-stream@npm:1.0.0"
  checksum: 10c0/d758899da03392e6712f042bec80aa293bbe9e9ff1b2634baae6a360113e708b91326594c8a486d475c69d6259afb7efacdc3537bfcda1c6c648e390ce601b19
  languageName: node
  linkType: hard

"follow-redirects@npm:^1.15.6":
  version: 1.15.6
  resolution: "follow-redirects@npm:1.15.6"
  peerDependenciesMeta:
    debug:
      optional: true
  checksum: 10c0/9ff767f0d7be6aa6870c82ac79cf0368cd73e01bbc00e9eb1c2a16fbb198ec105e3c9b6628bb98e9f3ac66fe29a957b9645bcb9a490bb7aa0d35f908b6b85071
  languageName: node
  linkType: hard

"form-data@npm:^4.0.0":
  version: 4.0.0
  resolution: "form-data@npm:4.0.0"
  dependencies:
    asynckit: "npm:^0.4.0"
    combined-stream: "npm:^1.0.8"
    mime-types: "npm:^2.1.12"
  checksum: 10c0/cb6f3ac49180be03ff07ba3ff125f9eba2ff0b277fb33c7fc47569fc5e616882c5b1c69b9904c4c4187e97dd0419dd03b134174756f296dec62041e6527e2c6e
  languageName: node
  linkType: hard

"isomorphic-fetch@npm:^3.0.0":
  version: 3.0.0
  resolution: "isomorphic-fetch@npm:3.0.0"
  dependencies:
    node-fetch: "npm:^2.6.1"
    whatwg-fetch: "npm:^3.4.1"
  checksum: 10c0/511b1135c6d18125a07de661091f5e7403b7640060355d2d704ce081e019bc1862da849482d079ce5e2559b8976d3de7709566063aec1b908369c0b98a2b075b
  languageName: node
  linkType: hard

"js-sha256@npm:^0.9.0":
  version: 0.9.0
  resolution: "js-sha256@npm:0.9.0"
  checksum: 10c0/f20b9245f6ebe666f42ca05536f777301132fb1aa7fbc22f10578fa302717a6cca507344894efdeaf40a011256eb2f7d517b94ac7105bd5cf087fa61551ad634
  languageName: node
  linkType: hard

"mime-db@npm:1.52.0":
  version: 1.52.0
  resolution: "mime-db@npm:1.52.0"
  checksum: 10c0/0557a01deebf45ac5f5777fe7740b2a5c309c6d62d40ceab4e23da9f821899ce7a900b7ac8157d4548ddbb7beffe9abc621250e6d182b0397ec7f10c7b91a5aa
  languageName: node
  linkType: hard

"mime-types@npm:^2.1.12":
  version: 2.1.35
  resolution: "mime-types@npm:2.1.35"
  dependencies:
    mime-db: "npm:1.52.0"
  checksum: 10c0/82fb07ec56d8ff1fc999a84f2f217aa46cb6ed1033fefaabd5785b9a974ed225c90dc72fff460259e66b95b73648596dbcc50d51ed69cdf464af2d237d3149b2
  languageName: node
  linkType: hard

"node-fetch@npm:^2.6.1":
  version: 2.7.0
  resolution: "node-fetch@npm:2.7.0"
  dependencies:
    whatwg-url: "npm:^5.0.0"
  peerDependencies:
    encoding: ^0.1.0
  peerDependenciesMeta:
    encoding:
      optional: true
  checksum: 10c0/b55786b6028208e6fbe594ccccc213cab67a72899c9234eb59dba51062a299ea853210fcf526998eaa2867b0963ad72338824450905679ff0fa304b8c5093ae8
  languageName: node
  linkType: hard

"o1js@npm:^1.1.0":
  version: 1.1.0
  resolution: "o1js@npm:1.1.0"
  dependencies:
    blakejs: "npm:1.2.1"
    cachedir: "npm:^2.4.0"
    isomorphic-fetch: "npm:^3.0.0"
    js-sha256: "npm:^0.9.0"
    reflect-metadata: "npm:^0.1.13"
    tslib: "npm:^2.3.0"
  bin:
    snarky-run: src/build/run.js
  checksum: 10c0/cac9302989290686e03231dec7e2879715dc593722296726f5c802a18180b8fce75b5fa23c3c651d89b6c1f3fa43275a3e9043f84d6871665942a3e54877c064
  languageName: node
  linkType: hard

"proxy-from-env@npm:^1.1.0":
  version: 1.1.0
  resolution: "proxy-from-env@npm:1.1.0"
  checksum: 10c0/fe7dd8b1bdbbbea18d1459107729c3e4a2243ca870d26d34c2c1bcd3e4425b7bcc5112362df2d93cc7fb9746f6142b5e272fd1cc5c86ddf8580175186f6ad42b
  languageName: node
  linkType: hard

"reflect-metadata@npm:^0.1.13":
  version: 0.1.14
  resolution: "reflect-metadata@npm:0.1.14"
  checksum: 10c0/3a6190c7f6cb224f26a012d11f9e329360c01c1945e2cbefea23976a8bacf9db6b794aeb5bf18adcb673c448a234fbc06fc41853c00a6c206b30f0777ecf019e
  languageName: node
  linkType: hard

"simple-example@workspace:.":
  version: 0.0.0-use.local
  resolution: "simple-example@workspace:."
  dependencies:
    "@types/node": "npm:^20.12.10"
    o1js: "npm:^1.1.0"
    typescript: "npm:^5.4.5"
    zkcloudworker: "npm:^0.4.7"
  languageName: unknown
  linkType: soft

"tr46@npm:~0.0.3":
  version: 0.0.3
  resolution: "tr46@npm:0.0.3"
  checksum: 10c0/047cb209a6b60c742f05c9d3ace8fa510bff609995c129a37ace03476a9b12db4dbf975e74600830ef0796e18882b2381fb5fb1f6b4f96b832c374de3ab91a11
  languageName: node
  linkType: hard

"tslib@npm:^2.3.0":
  version: 2.6.2
  resolution: "tslib@npm:2.6.2"
  checksum: 10c0/e03a8a4271152c8b26604ed45535954c0a45296e32445b4b87f8a5abdb2421f40b59b4ca437c4346af0f28179780d604094eb64546bee2019d903d01c6c19bdb
  languageName: node
  linkType: hard

"typescript@npm:^5.4.5":
  version: 5.4.5
  resolution: "typescript@npm:5.4.5"
  bin:
    tsc: bin/tsc
    tsserver: bin/tsserver
  checksum: 10c0/2954022ada340fd3d6a9e2b8e534f65d57c92d5f3989a263754a78aba549f7e6529acc1921913560a4b816c46dce7df4a4d29f9f11a3dc0d4213bb76d043251e
  languageName: node
  linkType: hard

"typescript@patch:typescript@npm%3A^5.4.5#optional!builtin<compat/typescript>":
  version: 5.4.5
  resolution: "typescript@patch:typescript@npm%3A5.4.5#optional!builtin<compat/typescript>::version=5.4.5&hash=5adc0c"
  bin:
    tsc: bin/tsc
    tsserver: bin/tsserver
  checksum: 10c0/db2ad2a16ca829f50427eeb1da155e7a45e598eec7b086d8b4e8ba44e5a235f758e606d681c66992230d3fc3b8995865e5fd0b22a2c95486d0b3200f83072ec9
  languageName: node
  linkType: hard

"undici-types@npm:~5.26.4":
  version: 5.26.5
  resolution: "undici-types@npm:5.26.5"
  checksum: 10c0/bb673d7876c2d411b6eb6c560e0c571eef4a01c1c19925175d16e3a30c4c428181fb8d7ae802a261f283e4166a0ac435e2f505743aa9e45d893f9a3df017b501
  languageName: node
  linkType: hard

"webidl-conversions@npm:^3.0.0":
  version: 3.0.1
  resolution: "webidl-conversions@npm:3.0.1"
  checksum: 10c0/5612d5f3e54760a797052eb4927f0ddc01383550f542ccd33d5238cfd65aeed392a45ad38364970d0a0f4fea32e1f4d231b3d8dac4a3bdd385e5cf802ae097db
  languageName: node
  linkType: hard

"whatwg-fetch@npm:^3.4.1":
  version: 3.6.20
  resolution: "whatwg-fetch@npm:3.6.20"
  checksum: 10c0/fa972dd14091321d38f36a4d062298df58c2248393ef9e8b154493c347c62e2756e25be29c16277396046d6eaa4b11bd174f34e6403fff6aaca9fb30fa1ff46d
  languageName: node
  linkType: hard

"whatwg-url@npm:^5.0.0":
  version: 5.0.0
  resolution: "whatwg-url@npm:5.0.0"
  dependencies:
    tr46: "npm:~0.0.3"
    webidl-conversions: "npm:^3.0.0"
  checksum: 10c0/1588bed84d10b72d5eec1d0faa0722ba1962f1821e7539c535558fb5398d223b0c50d8acab950b8c488b4ba69043fd833cc2697056b167d8ad46fac3995a55d5
  languageName: node
  linkType: hard

"zkcloudworker@npm:^0.4.7":
  version: 0.4.7
  resolution: "zkcloudworker@npm:0.4.7"
  dependencies:
    axios: "npm:^1.6.8"
  peerDependencies:
    o1js: ^1.1.0
  checksum: 10c0/8c934c7b326b978b832582f74a89959aeb22258ba80e1e45f1d687934e52c8ca2394aa6e3570fec490daebef8eebc5516f186d0d9dbb020b8468b7ec8fca9080
  languageName: node
  linkType: hard
